
Microsoft Visual Studio Solution File, Format Version 12.00
# Visual Studio 15
VisualStudioVersion = 15.0.28307.705
MinimumVisualStudioVersion = 10.0.40219.1
Project("{FAE04EC0-301F-11D3-BF4B-00C04F79EFBC}") = "RNPC", "WindowsFormsApp1\RNPC.csproj", "{FBA2C69B-514A-439F-80A6-D3E4CF9A2B0E}"
EndProject
Global
	GlobalSection(SolutionConfigurationPlatforms) = preSolution
		Debug|Any CPU = Debug|Any CPU
		Release|Any CPU = Release|Any CPU
	EndGlobalSection
	GlobalSection(ProjectConfigurationPlatforms) = postSolution
		{FBA2C69B-514A-439F-80A6-D3E4CF9A2B0E}.Debug|Any CPU.ActiveCfg = Debug|Any CPU
		{FBA2C69B-514A-439F-80A6-D3E4CF9A2B0E}.Debug|Any CPU.Build.0 = Debug|Any CPU
		{FBA2C69B-514A-439F-80A6-D3E4CF9A2B0E}.Release|Any CPU.ActiveCfg = Release|Any CPU
		{FBA2C69B-514A-439F-80A6-D3E4CF9A2B0E}.Release|Any CPU.Build.0 = Release|Any CPU
	EndGlobalSection
	GlobalSection(SolutionProperties) = preSolution
		HideSolutionNode = FALSE
	EndGlobalSection
	GlobalSection(ExtensibilityGlobals) = postSolution
		SolutionGuid = {A8BB6DDF-4A80-4932-9896-59B2687ACFAF}
	EndGlobalSection
EndGlobal
